# Generated by buf. DO NOT EDIT.
version: v1
deps:
  - remote: buf.build
    owner: googleapis
    repository: googleapis
    commit: c17df5b2beca46928cc87d5656bd5343
    digest: shake256:c62ecead9b13485a02893cd678a6c81e40879bf00ea509bbc6fd8f1b2cc33eccf6a85c259b08d1e0f052f693cbfc7dfda236e9665b1d6869b8e1132a794a61e2
  - remote: buf.build
    owner: grpc-ecosystem
    repository: grpc-gateway
    commit: 4836b6d552304e1bbe47e66a523f0daa
    digest: shake256:9747ec8da8c45fe6e0c9860f5495897b28c77b985c2c65a75a54c22f2f1f168039f06925aca6cd8d856a723b60eb80d510d6db1f7d0f3bd27f8d91a8a8c6182c
  - remote: buf.build
    owner: ufoundit-dev
    repository: protoc-gen-gorm
    commit: e2ecbaa0d37843298104bd29fd866df8
    digest: shake256:088347669906bc49513b40d58fd7ae877769668928fca038e070732ce0f9855c03f21885b0099e0d27acf9475feca0a34dbcedac22bb374bf2cd7c1e352de56c
