# Generated by buf. DO NOT EDIT.
version: v1
deps:
  - remote: buf.build
    owner: googleapis
    repository: googleapis
    commit: 62f35d8aed1149c291d606d958a7ce32
  - remote: buf.build
    owner: grpc-ecosystem
    repository: grpc-gateway
    commit: bc28b723cd774c32b6fbc77621518765
  - remote: buf.build
    owner: ufoundit-dev
    repository: protoc-gen-gorm
    commit: e2ecbaa0d37843298104bd29fd866df8
